
Microsoft Visual Studio Solution File, Format Version 11.00
# Visual Studio 2010
Project("{FAE04EC0-301F-11D3-BF4B-00C04F79EFBC}") = "Assembly-CSharp", "Assembly-CSharp.csproj", "{E67B5E36-2ED9-E1F6-D880-4E5AA1D189FB}"
EndProject
Project("{FAE04EC0-301F-11D3-BF4B-00C04F79EFBC}") = "Assembly-CSharp-Editor", "Assembly-CSharp-Editor.csproj", "{191157B7-40FA-DC77-7BCE-D9EF6F8EC78E}"
EndProject
Global
	GlobalSection(SolutionConfigurationPlatforms) = preSolution
		Debug|Any CPU = Debug|Any CPU
		Release|Any CPU = Release|Any CPU
	EndGlobalSection
	GlobalSection(ProjectConfigurationPlatforms) = postSolution
		{E67B5E36-2ED9-E1F6-D880-4E5AA1D189FB}.Debug|Any CPU.ActiveCfg = Debug|Any CPU
		{E67B5E36-2ED9-E1F6-D880-4E5AA1D189FB}.Debug|Any CPU.Build.0 = Debug|Any CPU
		{E67B5E36-2ED9-E1F6-D880-4E5AA1D189FB}.Release|Any CPU.ActiveCfg = Release|Any CPU
		{E67B5E36-2ED9-E1F6-D880-4E5AA1D189FB}.Release|Any CPU.Build.0 = Release|Any CPU
		{191157B7-40FA-DC77-7BCE-D9EF6F8EC78E}.Debug|Any CPU.ActiveCfg = Debug|Any CPU
		{191157B7-40FA-DC77-7BCE-D9EF6F8EC78E}.Debug|Any CPU.Build.0 = Debug|Any CPU
		{191157B7-40FA-DC77-7BCE-D9EF6F8EC78E}.Release|Any CPU.ActiveCfg = Release|Any CPU
		{191157B7-40FA-DC77-7BCE-D9EF6F8EC78E}.Release|Any CPU.Build.0 = Release|Any CPU
	EndGlobalSection
	GlobalSection(SolutionProperties) = preSolution
		HideSolutionNode = FALSE
	EndGlobalSection
EndGlobal
